{
  "version": 4,
  "terraform_version": "1.11.3",
  "serial": 105,
  "lineage": "57a3b60a-2f7f-ae4b-6287-47f3e7fa1c40",
  "outputs": {},
  "resources": [
    {
      "mode": "managed",
      "type": "aws_ecs_cluster",
      "name": "todo_cluster",
      "provider": "provider[\"registry.terraform.io/hashicorp/aws\"]",
      "instances": [
        {
          "schema_version": 0,
          "attributes": {
            "arn": "arn:aws:ecs:eu-north-1:730335178737:cluster/todo-cluster",
            "configuration": [],
            "id": "arn:aws:ecs:eu-north-1:730335178737:cluster/todo-cluster",
            "name": "todo-cluster",
            "service_connect_defaults": [],
            "setting": [
              {
                "name": "containerInsights",
                "value": "disabled"
              }
            ],
            "tags": {},
            "tags_all": {}
          },
          "sensitive_attributes": [],
          "private": "bnVsbA=="
        }
      ]
    },
    {
      "mode": "managed",
      "type": "aws_ecs_service",
      "name": "frontend_service",
      "provider": "provider[\"registry.terraform.io/hashicorp/aws\"]",
      "instances": [
        {
          "schema_version": 1,
          "attributes": {
            "alarms": [],
            "availability_zone_rebalancing": "DISABLED",
            "capacity_provider_strategy": [],
            "cluster": "arn:aws:ecs:eu-north-1:730335178737:cluster/todo-cluster",
            "deployment_circuit_breaker": [
              {
                "enable": false,
                "rollback": false
              }
            ],
            "deployment_controller": [
              {
                "type": "ECS"
              }
            ],
            "deployment_maximum_percent": 200,
            "deployment_minimum_healthy_percent": 100,
            "desired_count": 1,
            "enable_ecs_managed_tags": false,
            "enable_execute_command": false,
            "force_delete": null,
            "force_new_deployment": null,
            "health_check_grace_period_seconds": 0,
            "iam_role": "/aws-service-role/ecs.amazonaws.com/AWSServiceRoleForECS",
            "id": "arn:aws:ecs:eu-north-1:730335178737:service/todo-cluster/frontend-service",
            "launch_type": "FARGATE",
            "load_balancer": [
              {
                "container_name": "frontend",
                "container_port": 80,
                "elb_name": "",
                "target_group_arn": "arn:aws:elasticloadbalancing:eu-north-1:730335178737:targetgroup/todo-tg/47d9b5d1207659fd"
              }
            ],
            "name": "frontend-service",
            "network_configuration": [
              {
                "assign_public_ip": true,
                "security_groups": [
                  "sg-00a87c3dc07a6e403"
                ],
                "subnets": [
                  "subnet-0cf898168f8de42e6",
                  "subnet-0fe076db05a31f65d"
                ]
              }
            ],
            "ordered_placement_strategy": [],
            "placement_constraints": [],
            "platform_version": "LATEST",
            "propagate_tags": "NONE",
            "scheduling_strategy": "REPLICA",
            "service_connect_configuration": [],
            "service_registries": [],
            "tags": {},
            "tags_all": {},
            "task_definition": "arn:aws:ecs:eu-north-1:730335178737:task-definition/frontend-task:2",
            "timeouts": null,
            "triggers": {},
            "volume_configuration": [],
            "vpc_lattice_configurations": [],
            "wait_for_steady_state": false
          },
          "sensitive_attributes": [],
          "private": "eyJlMmJmYjczMC1lY2FhLTExZTYtOGY4OC0zNDM2M2JjN2M0YzAiOnsiY3JlYXRlIjoxMjAwMDAwMDAwMDAwLCJkZWxldGUiOjEyMDAwMDAwMDAwMDAsInVwZGF0ZSI6MTIwMDAwMDAwMDAwMH0sInNjaGVtYV92ZXJzaW9uIjoiMSJ9",
          "dependencies": [
            "aws_ecs_cluster.todo_cluster",
            "aws_ecs_task_definition.frontend_task",
            "aws_iam_role.ecs_task_execution_role",
            "aws_lb.todo_alb",
            "aws_lb_listener.todo_listener",
            "aws_lb_target_group.todo_target_group",
            "aws_security_group.todo_sg",
            "aws_subnet.public_a",
            "aws_subnet.public_b",
            "aws_vpc.main"
          ]
        }
      ]
    },
    {
      "mode": "managed",
      "type": "aws_ecs_task_definition",
      "name": "frontend_task",
      "provider": "provider[\"registry.terraform.io/hashicorp/aws\"]",
      "instances": [
        {
          "schema_version": 1,
          "attributes": {
            "arn": "arn:aws:ecs:eu-north-1:730335178737:task-definition/frontend-task:2",
            "arn_without_revision": "arn:aws:ecs:eu-north-1:730335178737:task-definition/frontend-task",
            "container_definitions": "[{\"environment\":[],\"essential\":true,\"image\":\"shirish1612/todo_ngnix:frontend-v1\",\"mountPoints\":[],\"name\":\"frontend\",\"portMappings\":[{\"containerPort\":80,\"hostPort\":80,\"protocol\":\"tcp\"}],\"systemControls\":[],\"volumesFrom\":[]}]",
            "cpu": "256",
            "enable_fault_injection": false,
            "ephemeral_storage": [],
            "execution_role_arn": "arn:aws:iam::730335178737:role/ecsTaskExecutionRole",
            "family": "frontend-task",
            "id": "frontend-task",
            "inference_accelerator": [],
            "ipc_mode": "",
            "memory": "512",
            "network_mode": "awsvpc",
            "pid_mode": "",
            "placement_constraints": [],
            "proxy_configuration": [],
            "requires_compatibilities": [
              "FARGATE"
            ],
            "revision": 2,
            "runtime_platform": [],
            "skip_destroy": false,
            "tags": {},
            "tags_all": {},
            "task_role_arn": "arn:aws:iam::730335178737:role/ecsTaskExecutionRole",
            "track_latest": false,
            "volume": []
          },
          "sensitive_attributes": [],
          "private": "eyJzY2hlbWFfdmVyc2lvbiI6IjEifQ==",
          "dependencies": [
            "aws_iam_role.ecs_task_execution_role"
          ]
        }
      ]
    },
    {
      "mode": "managed",
      "type": "aws_iam_role",
      "name": "ecs_task_execution_role",
      "provider": "provider[\"registry.terraform.io/hashicorp/aws\"]",
      "instances": [
        {
          "schema_version": 0,
          "attributes": {
            "arn": "arn:aws:iam::730335178737:role/ecsTaskExecutionRole",
            "assume_role_policy": "{\"Statement\":[{\"Action\":\"sts:AssumeRole\",\"Effect\":\"Allow\",\"Principal\":{\"Service\":\"ecs-tasks.amazonaws.com\"}}],\"Version\":\"2012-10-17\"}",
            "create_date": "2025-04-13T13:05:55Z",
            "description": "",
            "force_detach_policies": false,
            "id": "ecsTaskExecutionRole",
            "inline_policy": [],
            "managed_policy_arns": [
              "arn:aws:iam::aws:policy/service-role/AmazonECSTaskExecutionRolePolicy"
            ],
            "max_session_duration": 3600,
            "name": "ecsTaskExecutionRole",
            "name_prefix": "",
            "path": "/",
            "permissions_boundary": "",
            "tags": {},
            "tags_all": {},
            "unique_id": "AROA2UC26N7Y5M62VSWPJ"
          },
          "sensitive_attributes": [],
          "private": "bnVsbA=="
        }
      ]
    },
    {
      "mode": "managed",
      "type": "aws_internet_gateway",
      "name": "igw",
      "provider": "provider[\"registry.terraform.io/hashicorp/aws\"]",
      "instances": [
        {
          "schema_version": 0,
          "attributes": {
            "arn": "arn:aws:ec2:eu-north-1:730335178737:internet-gateway/igw-0a69735128e2f0002",
            "id": "igw-0a69735128e2f0002",
            "owner_id": "730335178737",
            "tags": {
              "Name": "todo-igw"
            },
            "tags_all": {
              "Name": "todo-igw"
            },
            "timeouts": null,
            "vpc_id": "vpc-0be029d73812c2dcb"
          },
          "sensitive_attributes": [],
          "private": "eyJlMmJmYjczMC1lY2FhLTExZTYtOGY4OC0zNDM2M2JjN2M0YzAiOnsiY3JlYXRlIjoxMjAwMDAwMDAwMDAwLCJkZWxldGUiOjEyMDAwMDAwMDAwMDAsInVwZGF0ZSI6MTIwMDAwMDAwMDAwMH19",
          "dependencies": [
            "aws_vpc.main"
          ]
        }
      ]
    },
    {
      "mode": "managed",
      "type": "aws_lb",
      "name": "todo_alb",
      "provider": "provider[\"registry.terraform.io/hashicorp/aws\"]",
      "instances": [
        {
          "schema_version": 0,
          "attributes": {
            "access_logs": [
              {
                "bucket": "",
                "enabled": false,
                "prefix": ""
              }
            ],
            "arn": "arn:aws:elasticloadbalancing:eu-north-1:730335178737:loadbalancer/app/todo-alb/7828b7b1e8b4e74c",
            "arn_suffix": "app/todo-alb/7828b7b1e8b4e74c",
            "client_keep_alive": 3600,
            "connection_logs": [
              {
                "bucket": "",
                "enabled": false,
                "prefix": ""
              }
            ],
            "customer_owned_ipv4_pool": "",
            "desync_mitigation_mode": "defensive",
            "dns_name": "todo-alb-393883044.eu-north-1.elb.amazonaws.com",
            "dns_record_client_routing_policy": null,
            "drop_invalid_header_fields": false,
            "enable_cross_zone_load_balancing": true,
            "enable_deletion_protection": false,
            "enable_http2": true,
            "enable_tls_version_and_cipher_suite_headers": false,
            "enable_waf_fail_open": false,
            "enable_xff_client_port": false,
            "enable_zonal_shift": false,
            "enforce_security_group_inbound_rules_on_private_link_traffic": "",
            "id": "arn:aws:elasticloadbalancing:eu-north-1:730335178737:loadbalancer/app/todo-alb/7828b7b1e8b4e74c",
            "idle_timeout": 60,
            "internal": false,
            "ip_address_type": "ipv4",
            "ipam_pools": [],
            "load_balancer_type": "application",
            "name": "todo-alb",
            "name_prefix": "",
            "preserve_host_header": false,
            "security_groups": [
              "sg-00a87c3dc07a6e403"
            ],
            "subnet_mapping": [
              {
                "allocation_id": "",
                "ipv6_address": "",
                "outpost_id": "",
                "private_ipv4_address": "",
                "subnet_id": "subnet-0cf898168f8de42e6"
              },
              {
                "allocation_id": "",
                "ipv6_address": "",
                "outpost_id": "",
                "private_ipv4_address": "",
                "subnet_id": "subnet-0fe076db05a31f65d"
              }
            ],
            "subnets": [
              "subnet-0cf898168f8de42e6",
              "subnet-0fe076db05a31f65d"
            ],
            "tags": {
              "Name": "todo-alb"
            },
            "tags_all": {
              "Name": "todo-alb"
            },
            "timeouts": null,
            "vpc_id": "vpc-0be029d73812c2dcb",
            "xff_header_processing_mode": "append",
            "zone_id": "Z23TAZ6LKFMNIO"
          },
          "sensitive_attributes": [],
          "private": "eyJlMmJmYjczMC1lY2FhLTExZTYtOGY4OC0zNDM2M2JjN2M0YzAiOnsiY3JlYXRlIjo2MDAwMDAwMDAwMDAsImRlbGV0ZSI6NjAwMDAwMDAwMDAwLCJ1cGRhdGUiOjYwMDAwMDAwMDAwMH19",
          "dependencies": [
            "aws_security_group.todo_sg",
            "aws_subnet.public_a",
            "aws_subnet.public_b",
            "aws_vpc.main"
          ]
        }
      ]
    },
    {
      "mode": "managed",
      "type": "aws_lb_listener",
      "name": "todo_listener",
      "provider": "provider[\"registry.terraform.io/hashicorp/aws\"]",
      "instances": [
        {
          "schema_version": 0,
          "attributes": {
            "alpn_policy": null,
            "arn": "arn:aws:elasticloadbalancing:eu-north-1:730335178737:listener/app/todo-alb/7828b7b1e8b4e74c/19c369b1f32514aa",
            "certificate_arn": null,
            "default_action": [
              {
                "authenticate_cognito": [],
                "authenticate_oidc": [],
                "fixed_response": [],
                "forward": [],
                "order": 1,
                "redirect": [],
                "target_group_arn": "arn:aws:elasticloadbalancing:eu-north-1:730335178737:targetgroup/todo-tg/47d9b5d1207659fd",
                "type": "forward"
              }
            ],
            "id": "arn:aws:elasticloadbalancing:eu-north-1:730335178737:listener/app/todo-alb/7828b7b1e8b4e74c/19c369b1f32514aa",
            "load_balancer_arn": "arn:aws:elasticloadbalancing:eu-north-1:730335178737:loadbalancer/app/todo-alb/7828b7b1e8b4e74c",
            "mutual_authentication": [],
            "port": 80,
            "protocol": "HTTP",
            "routing_http_request_x_amzn_mtls_clientcert_header_name": null,
            "routing_http_request_x_amzn_mtls_clientcert_issuer_header_name": null,
            "routing_http_request_x_amzn_mtls_clientcert_leaf_header_name": null,
            "routing_http_request_x_amzn_mtls_clientcert_serial_number_header_name": null,
            "routing_http_request_x_amzn_mtls_clientcert_subject_header_name": null,
            "routing_http_request_x_amzn_mtls_clientcert_validity_header_name": null,
            "routing_http_request_x_amzn_tls_cipher_suite_header_name": null,
            "routing_http_request_x_amzn_tls_version_header_name": null,
            "routing_http_response_access_control_allow_credentials_header_value": "",
            "routing_http_response_access_control_allow_headers_header_value": "",
            "routing_http_response_access_control_allow_methods_header_value": "",
            "routing_http_response_access_control_allow_origin_header_value": "",
            "routing_http_response_access_control_expose_headers_header_value": "",
            "routing_http_response_access_control_max_age_header_value": "",
            "routing_http_response_content_security_policy_header_value": "",
            "routing_http_response_server_enabled": false,
            "routing_http_response_strict_transport_security_header_value": "",
            "routing_http_response_x_content_type_options_header_value": "",
            "routing_http_response_x_frame_options_header_value": "",
            "ssl_policy": "",
            "tags": {},
            "tags_all": {},
            "tcp_idle_timeout_seconds": null,
            "timeouts": null
          },
          "sensitive_attributes": [],
          "private": "eyJlMmJmYjczMC1lY2FhLTExZTYtOGY4OC0zNDM2M2JjN2M0YzAiOnsiY3JlYXRlIjozMDAwMDAwMDAwMDAsInVwZGF0ZSI6MzAwMDAwMDAwMDAwfX0=",
          "dependencies": [
            "aws_lb.todo_alb",
            "aws_lb_target_group.todo_target_group",
            "aws_security_group.todo_sg",
            "aws_subnet.public_a",
            "aws_subnet.public_b",
            "aws_vpc.main"
          ]
        }
      ]
    },
    {
      "mode": "managed",
      "type": "aws_lb_target_group",
      "name": "todo_target_group",
      "provider": "provider[\"registry.terraform.io/hashicorp/aws\"]",
      "instances": [
        {
          "schema_version": 0,
          "attributes": {
            "arn": "arn:aws:elasticloadbalancing:eu-north-1:730335178737:targetgroup/todo-tg/47d9b5d1207659fd",
            "arn_suffix": "targetgroup/todo-tg/47d9b5d1207659fd",
            "connection_termination": null,
            "deregistration_delay": "300",
            "health_check": [
              {
                "enabled": true,
                "healthy_threshold": 2,
                "interval": 30,
                "matcher": "200",
                "path": "/",
                "port": "traffic-port",
                "protocol": "HTTP",
                "timeout": 5,
                "unhealthy_threshold": 2
              }
            ],
            "id": "arn:aws:elasticloadbalancing:eu-north-1:730335178737:targetgroup/todo-tg/47d9b5d1207659fd",
            "ip_address_type": "ipv4",
            "lambda_multi_value_headers_enabled": false,
            "load_balancer_arns": [
              "arn:aws:elasticloadbalancing:eu-north-1:730335178737:loadbalancer/app/todo-alb/7828b7b1e8b4e74c"
            ],
            "load_balancing_algorithm_type": "round_robin",
            "load_balancing_anomaly_mitigation": "off",
            "load_balancing_cross_zone_enabled": "use_load_balancer_configuration",
            "name": "todo-tg",
            "name_prefix": "",
            "port": 80,
            "preserve_client_ip": null,
            "protocol": "HTTP",
            "protocol_version": "HTTP1",
            "proxy_protocol_v2": false,
            "slow_start": 0,
            "stickiness": [
              {
                "cookie_duration": 86400,
                "cookie_name": "",
                "enabled": false,
                "type": "lb_cookie"
              }
            ],
            "tags": {
              "Name": "todo-tg"
            },
            "tags_all": {
              "Name": "todo-tg"
            },
            "target_failover": [
              {
                "on_deregistration": null,
                "on_unhealthy": null
              }
            ],
            "target_group_health": [
              {
                "dns_failover": [
                  {
                    "minimum_healthy_targets_count": "1",
                    "minimum_healthy_targets_percentage": "off"
                  }
                ],
                "unhealthy_state_routing": [
                  {
                    "minimum_healthy_targets_count": 1,
                    "minimum_healthy_targets_percentage": "off"
                  }
                ]
              }
            ],
            "target_health_state": [
              {
                "enable_unhealthy_connection_termination": null,
                "unhealthy_draining_interval": null
              }
            ],
            "target_type": "ip",
            "vpc_id": "vpc-0be029d73812c2dcb"
          },
          "sensitive_attributes": [],
          "private": "bnVsbA==",
          "dependencies": [
            "aws_vpc.main"
          ]
        }
      ]
    },
    {
      "mode": "managed",
      "type": "aws_security_group",
      "name": "todo_sg",
      "provider": "provider[\"registry.terraform.io/hashicorp/aws\"]",
      "instances": [
        {
          "schema_version": 1,
          "attributes": {
            "arn": "arn:aws:ec2:eu-north-1:730335178737:security-group/sg-00a87c3dc07a6e403",
            "description": "Allow HTTP and ECS",
            "egress": [
              {
                "cidr_blocks": [
                  "0.0.0.0/0"
                ],
                "description": "",
                "from_port": 0,
                "ipv6_cidr_blocks": [],
                "prefix_list_ids": [],
                "protocol": "-1",
                "security_groups": [],
                "self": false,
                "to_port": 0
              }
            ],
            "id": "sg-00a87c3dc07a6e403",
            "ingress": [
              {
                "cidr_blocks": [
                  "0.0.0.0/0"
                ],
                "description": "",
                "from_port": 3000,
                "ipv6_cidr_blocks": [],
                "prefix_list_ids": [],
                "protocol": "tcp",
                "security_groups": [],
                "self": false,
                "to_port": 3000
              },
              {
                "cidr_blocks": [
                  "0.0.0.0/0"
                ],
                "description": "",
                "from_port": 80,
                "ipv6_cidr_blocks": [],
                "prefix_list_ids": [],
                "protocol": "tcp",
                "security_groups": [],
                "self": false,
                "to_port": 80
              }
            ],
            "name": "todo-sg",
            "name_prefix": "",
            "owner_id": "730335178737",
            "revoke_rules_on_delete": false,
            "tags": {
              "Name": "todo-sg"
            },
            "tags_all": {
              "Name": "todo-sg"
            },
            "timeouts": null,
            "vpc_id": "vpc-0be029d73812c2dcb"
          },
          "sensitive_attributes": [],
          "private": "eyJlMmJmYjczMC1lY2FhLTExZTYtOGY4OC0zNDM2M2JjN2M0YzAiOnsiY3JlYXRlIjo2MDAwMDAwMDAwMDAsImRlbGV0ZSI6OTAwMDAwMDAwMDAwfSwic2NoZW1hX3ZlcnNpb24iOiIxIn0=",
          "dependencies": [
            "aws_vpc.main"
          ]
        }
      ]
    },
    {
      "mode": "managed",
      "type": "aws_subnet",
      "name": "public_a",
      "provider": "provider[\"registry.terraform.io/hashicorp/aws\"]",
      "instances": [
        {
          "schema_version": 1,
          "attributes": {
            "arn": "arn:aws:ec2:eu-north-1:730335178737:subnet/subnet-0cf898168f8de42e6",
            "assign_ipv6_address_on_creation": false,
            "availability_zone": "eu-north-1b",
            "availability_zone_id": "eun1-az2",
            "cidr_block": "10.0.3.0/24",
            "customer_owned_ipv4_pool": "",
            "enable_dns64": false,
            "enable_lni_at_device_index": 0,
            "enable_resource_name_dns_a_record_on_launch": false,
            "enable_resource_name_dns_aaaa_record_on_launch": false,
            "id": "subnet-0cf898168f8de42e6",
            "ipv6_cidr_block": "",
            "ipv6_cidr_block_association_id": "",
            "ipv6_native": false,
            "map_customer_owned_ip_on_launch": false,
            "map_public_ip_on_launch": true,
            "outpost_arn": "",
            "owner_id": "730335178737",
            "private_dns_hostname_type_on_launch": "ip-name",
            "tags": {
              "Name": "public-subnet-a"
            },
            "tags_all": {
              "Name": "public-subnet-a"
            },
            "timeouts": null,
            "vpc_id": "vpc-0be029d73812c2dcb"
          },
          "sensitive_attributes": [],
          "private": "eyJlMmJmYjczMC1lY2FhLTExZTYtOGY4OC0zNDM2M2JjN2M0YzAiOnsiY3JlYXRlIjo2MDAwMDAwMDAwMDAsImRlbGV0ZSI6MTIwMDAwMDAwMDAwMH0sInNjaGVtYV92ZXJzaW9uIjoiMSJ9",
          "dependencies": [
            "aws_vpc.main"
          ]
        }
      ]
    },
    {
      "mode": "managed",
      "type": "aws_subnet",
      "name": "public_b",
      "provider": "provider[\"registry.terraform.io/hashicorp/aws\"]",
      "instances": [
        {
          "schema_version": 1,
          "attributes": {
            "arn": "arn:aws:ec2:eu-north-1:730335178737:subnet/subnet-0fe076db05a31f65d",
            "assign_ipv6_address_on_creation": false,
            "availability_zone": "eu-north-1a",
            "availability_zone_id": "eun1-az1",
            "cidr_block": "10.0.2.0/24",
            "customer_owned_ipv4_pool": "",
            "enable_dns64": false,
            "enable_lni_at_device_index": 0,
            "enable_resource_name_dns_a_record_on_launch": false,
            "enable_resource_name_dns_aaaa_record_on_launch": false,
            "id": "subnet-0fe076db05a31f65d",
            "ipv6_cidr_block": "",
            "ipv6_cidr_block_association_id": "",
            "ipv6_native": false,
            "map_customer_owned_ip_on_launch": false,
            "map_public_ip_on_launch": true,
            "outpost_arn": "",
            "owner_id": "730335178737",
            "private_dns_hostname_type_on_launch": "ip-name",
            "tags": {
              "Name": "public-subnet-a"
            },
            "tags_all": {
              "Name": "public-subnet-a"
            },
            "timeouts": null,
            "vpc_id": "vpc-0be029d73812c2dcb"
          },
          "sensitive_attributes": [],
          "private": "eyJlMmJmYjczMC1lY2FhLTExZTYtOGY4OC0zNDM2M2JjN2M0YzAiOnsiY3JlYXRlIjo2MDAwMDAwMDAwMDAsImRlbGV0ZSI6MTIwMDAwMDAwMDAwMH0sInNjaGVtYV92ZXJzaW9uIjoiMSJ9",
          "dependencies": [
            "aws_vpc.main"
          ]
        }
      ]
    },
    {
      "mode": "managed",
      "type": "aws_vpc",
      "name": "main",
      "provider": "provider[\"registry.terraform.io/hashicorp/aws\"]",
      "instances": [
        {
          "schema_version": 1,
          "attributes": {
            "arn": "arn:aws:ec2:eu-north-1:730335178737:vpc/vpc-0be029d73812c2dcb",
            "assign_generated_ipv6_cidr_block": false,
            "cidr_block": "10.0.0.0/16",
            "default_network_acl_id": "acl-04bbcb7956fbfe9f5",
            "default_route_table_id": "rtb-00215028e878ff16d",
            "default_security_group_id": "sg-00e39281622450f74",
            "dhcp_options_id": "dopt-036a8773ca4e9ca6a",
            "enable_dns_hostnames": true,
            "enable_dns_support": true,
            "enable_network_address_usage_metrics": false,
            "id": "vpc-0be029d73812c2dcb",
            "instance_tenancy": "default",
            "ipv4_ipam_pool_id": null,
            "ipv4_netmask_length": null,
            "ipv6_association_id": "",
            "ipv6_cidr_block": "",
            "ipv6_cidr_block_network_border_group": "",
            "ipv6_ipam_pool_id": "",
            "ipv6_netmask_length": 0,
            "main_route_table_id": "rtb-00215028e878ff16d",
            "owner_id": "730335178737",
            "tags": {
              "Name": "todo-vpc"
            },
            "tags_all": {
              "Name": "todo-vpc"
            }
          },
          "sensitive_attributes": [],
          "private": "eyJzY2hlbWFfdmVyc2lvbiI6IjEifQ=="
        }
      ]
    }
  ],
  "check_results": null
}
