{
  "version": 4,
  "terraform_version": "1.11.3",
  "serial": 64,
  "lineage": "57a3b60a-2f7f-ae4b-6287-47f3e7fa1c40",
  "outputs": {},
  "resources": [
    {
      "mode": "managed",
      "type": "aws_vpc",
      "name": "main",
      "provider": "provider[\"registry.terraform.io/hashicorp/aws\"]",
      "instances": [
        {
          "schema_version": 1,
          "attributes": {
            "arn": "arn:aws:ec2:eu-north-1:730335178737:vpc/vpc-0ebd10f6abada0ba7",
            "assign_generated_ipv6_cidr_block": false,
            "cidr_block": "10.0.0.0/16",
            "default_network_acl_id": "acl-097d2dbe08f23bde8",
            "default_route_table_id": "rtb-002800f20bbaa19a0",
            "default_security_group_id": "sg-0515a0759fc747349",
            "dhcp_options_id": "dopt-036a8773ca4e9ca6a",
            "enable_dns_hostnames": true,
            "enable_dns_support": true,
            "enable_network_address_usage_metrics": false,
            "id": "vpc-0ebd10f6abada0ba7",
            "instance_tenancy": "default",
            "ipv4_ipam_pool_id": null,
            "ipv4_netmask_length": null,
            "ipv6_association_id": "",
            "ipv6_cidr_block": "",
            "ipv6_cidr_block_network_border_group": "",
            "ipv6_ipam_pool_id": "",
            "ipv6_netmask_length": 0,
            "main_route_table_id": "rtb-002800f20bbaa19a0",
            "owner_id": "730335178737",
            "tags": {
              "Name": "todo-vpc"
            },
            "tags_all": {
              "Name": "todo-vpc"
            }
          },
          "sensitive_attributes": [],
          "private": "eyJzY2hlbWFfdmVyc2lvbiI6IjEifQ=="
        }
      ]
    }
  ],
  "check_results": null
}
